
Microsoft Visual Studio Solution File, Format Version 12.00
# Visual Studio Version 17
VisualStudioVersion = 17.0.31903.59
MinimumVisualStudioVersion = 10.0.40219.1
Project("{FAE04EC0-301F-11D3-BF4B-00C04F79EFBC}") = "InnoAndLogic.Persistence", "InnoAndLogic.Persistence\InnoAndLogic.Persistence.csproj", "{400C633B-4864-47B5-A67D-54CAF17EA3F0}"
EndProject
Project("{FAE04EC0-301F-11D3-BF4B-00C04F79EFBC}") = "InnoAndLogic.Shared", "InnoAndLogic.Shared\InnoAndLogic.Shared.csproj", "{007CE24D-5649-43C0-B358-0F8ED53856D2}"
EndProject
Project("{FAE04EC0-301F-11D3-BF4B-00C04F79EFBC}") = "InnoAndLogic.DistributedCaching", "InnoAndLogic.DistributedCaching\InnoAndLogic.DistributedCaching.csproj", "{C707292B-0808-44CA-BE08-65D50086C2A2}"
EndProject
Project("{2150E333-8FDC-42A3-9474-1A3956D46DE8}") = "Solution Files", "Solution Files", "{02EA681E-C7D8-13C7-8484-4AC65E1B71E8}"
	ProjectSection(SolutionItems) = preProject
		.editorconfig = .editorconfig
		.gitignore = .gitignore
		global.json = global.json
		run.cmd = run.cmd
		t.build.props = t.build.props
	EndProjectSection
EndProject
Project("{2150E333-8FDC-42A3-9474-1A3956D46DE8}") = ".github", ".github", "{128A3B11-6221-4D90-B932-16E8E53B8BC3}"
EndProject
Project("{2150E333-8FDC-42A3-9474-1A3956D46DE8}") = "workflows", "workflows", "{8BA496A0-9248-4B82-A3B4-B77C09AB5553}"
	ProjectSection(SolutionItems) = preProject
		.github\workflows\publish.yml = .github\workflows\publish.yml
	EndProjectSection
EndProject
Global
	GlobalSection(SolutionConfigurationPlatforms) = preSolution
		Debug|Any CPU = Debug|Any CPU
		Debug|x64 = Debug|x64
		Debug|x86 = Debug|x86
		Release|Any CPU = Release|Any CPU
		Release|x64 = Release|x64
		Release|x86 = Release|x86
	EndGlobalSection
	GlobalSection(ProjectConfigurationPlatforms) = postSolution
		{400C633B-4864-47B5-A67D-54CAF17EA3F0}.Debug|Any CPU.ActiveCfg = Debug|Any CPU
		{400C633B-4864-47B5-A67D-54CAF17EA3F0}.Debug|Any CPU.Build.0 = Debug|Any CPU
		{400C633B-4864-47B5-A67D-54CAF17EA3F0}.Debug|x64.ActiveCfg = Debug|Any CPU
		{400C633B-4864-47B5-A67D-54CAF17EA3F0}.Debug|x64.Build.0 = Debug|Any CPU
		{400C633B-4864-47B5-A67D-54CAF17EA3F0}.Debug|x86.ActiveCfg = Debug|Any CPU
		{400C633B-4864-47B5-A67D-54CAF17EA3F0}.Debug|x86.Build.0 = Debug|Any CPU
		{400C633B-4864-47B5-A67D-54CAF17EA3F0}.Release|Any CPU.ActiveCfg = Release|Any CPU
		{400C633B-4864-47B5-A67D-54CAF17EA3F0}.Release|Any CPU.Build.0 = Release|Any CPU
		{400C633B-4864-47B5-A67D-54CAF17EA3F0}.Release|x64.ActiveCfg = Release|Any CPU
		{400C633B-4864-47B5-A67D-54CAF17EA3F0}.Release|x64.Build.0 = Release|Any CPU
		{400C633B-4864-47B5-A67D-54CAF17EA3F0}.Release|x86.ActiveCfg = Release|Any CPU
		{400C633B-4864-47B5-A67D-54CAF17EA3F0}.Release|x86.Build.0 = Release|Any CPU
		{007CE24D-5649-43C0-B358-0F8ED53856D2}.Debug|Any CPU.ActiveCfg = Debug|Any CPU
		{007CE24D-5649-43C0-B358-0F8ED53856D2}.Debug|Any CPU.Build.0 = Debug|Any CPU
		{007CE24D-5649-43C0-B358-0F8ED53856D2}.Debug|x64.ActiveCfg = Debug|Any CPU
		{007CE24D-5649-43C0-B358-0F8ED53856D2}.Debug|x64.Build.0 = Debug|Any CPU
		{007CE24D-5649-43C0-B358-0F8ED53856D2}.Debug|x86.ActiveCfg = Debug|Any CPU
		{007CE24D-5649-43C0-B358-0F8ED53856D2}.Debug|x86.Build.0 = Debug|Any CPU
		{007CE24D-5649-43C0-B358-0F8ED53856D2}.Release|Any CPU.ActiveCfg = Release|Any CPU
		{007CE24D-5649-43C0-B358-0F8ED53856D2}.Release|Any CPU.Build.0 = Release|Any CPU
		{007CE24D-5649-43C0-B358-0F8ED53856D2}.Release|x64.ActiveCfg = Release|Any CPU
		{007CE24D-5649-43C0-B358-0F8ED53856D2}.Release|x64.Build.0 = Release|Any CPU
		{007CE24D-5649-43C0-B358-0F8ED53856D2}.Release|x86.ActiveCfg = Release|Any CPU
		{007CE24D-5649-43C0-B358-0F8ED53856D2}.Release|x86.Build.0 = Release|Any CPU
		{C707292B-0808-44CA-BE08-65D50086C2A2}.Debug|Any CPU.ActiveCfg = Debug|Any CPU
		{C707292B-0808-44CA-BE08-65D50086C2A2}.Debug|Any CPU.Build.0 = Debug|Any CPU
		{C707292B-0808-44CA-BE08-65D50086C2A2}.Debug|x64.ActiveCfg = Debug|Any CPU
		{C707292B-0808-44CA-BE08-65D50086C2A2}.Debug|x64.Build.0 = Debug|Any CPU
		{C707292B-0808-44CA-BE08-65D50086C2A2}.Debug|x86.ActiveCfg = Debug|Any CPU
		{C707292B-0808-44CA-BE08-65D50086C2A2}.Debug|x86.Build.0 = Debug|Any CPU
		{C707292B-0808-44CA-BE08-65D50086C2A2}.Release|Any CPU.ActiveCfg = Release|Any CPU
		{C707292B-0808-44CA-BE08-65D50086C2A2}.Release|Any CPU.Build.0 = Release|Any CPU
		{C707292B-0808-44CA-BE08-65D50086C2A2}.Release|x64.ActiveCfg = Release|Any CPU
		{C707292B-0808-44CA-BE08-65D50086C2A2}.Release|x64.Build.0 = Release|Any CPU
		{C707292B-0808-44CA-BE08-65D50086C2A2}.Release|x86.ActiveCfg = Release|Any CPU
		{C707292B-0808-44CA-BE08-65D50086C2A2}.Release|x86.Build.0 = Release|Any CPU
	EndGlobalSection
	GlobalSection(SolutionProperties) = preSolution
		HideSolutionNode = FALSE
	EndGlobalSection
	GlobalSection(NestedProjects) = preSolution
		{128A3B11-6221-4D90-B932-16E8E53B8BC3} = {02EA681E-C7D8-13C7-8484-4AC65E1B71E8}
		{8BA496A0-9248-4B82-A3B4-B77C09AB5553} = {128A3B11-6221-4D90-B932-16E8E53B8BC3}
	EndGlobalSection
	GlobalSection(ExtensibilityGlobals) = postSolution
		SolutionGuid = {A5ECE721-0517-4D7D-8F49-DD4C034DD461}
	EndGlobalSection
EndGlobal
